{
  "name": "birds-at-my-feeder",
  "version": "0.1.0",
  "lockfileVersion": 3,
  "requires": true,
  "packages": {
    "": {
      "name": "birds-at-my-feeder",
      "version": "0.1.0",
      "license": "ISC",
      "dependencies": {
        "autocompleter": "^9.1.2"
      }
    },
    "node_modules/autocompleter": {
      "version": "9.1.2",
      "resolved": "https://registry.npmjs.org/autocompleter/-/autocompleter-9.1.2.tgz",
      "integrity": "sha512-L4DJ2UIsIy/YrTchKHHfyQRng2p8m9xpari1uHYZ/5DynQombeshF73uVQbrtdLxLSlK0R7ObhpnbPBkI8j8xA=="
    }
  }
}
